
Microsoft Visual Studio Solution File, Format Version 12.00
# Visual Studio Version 16
VisualStudioVersion = 16.0.31424.327
MinimumVisualStudioVersion = 10.0.40219.1
Project("{FAE04EC0-301F-11D3-BF4B-00C04F79EFBC}") = "AnTour", "AnTour.csproj", "{2F07915C-CEAA-4630-AFFA-53106961BED1}"
EndProject
Global
	GlobalSection(SolutionConfigurationPlatforms) = preSolution
		Debug|Any CPU = Debug|Any CPU
		Release|Any CPU = Release|Any CPU
	EndGlobalSection
	GlobalSection(ProjectConfigurationPlatforms) = postSolution
		{2F07915C-CEAA-4630-AFFA-53106961BED1}.Debug|Any CPU.ActiveCfg = Debug|Any CPU
		{2F07915C-CEAA-4630-AFFA-53106961BED1}.Debug|Any CPU.Build.0 = Debug|Any CPU
		{2F07915C-CEAA-4630-AFFA-53106961BED1}.Release|Any CPU.ActiveCfg = Release|Any CPU
		{2F07915C-CEAA-4630-AFFA-53106961BED1}.Release|Any CPU.Build.0 = Release|Any CPU
	EndGlobalSection
	GlobalSection(SolutionProperties) = preSolution
		HideSolutionNode = FALSE
	EndGlobalSection
	GlobalSection(ExtensibilityGlobals) = postSolution
		SolutionGuid = {58D4548A-0010-4396-9804-2FDB18885647}
	EndGlobalSection
EndGlobal
